// !$*UTF8*$!
{
	archiveVersion = 1;
	classes = {
	};
	objectVersion = 46;
	objects = {

/* Begin PBXBuildFile section */
		1F1419431DFA50C6006F3DC0 /* main.m in Sources */ = {isa = PBXBuildFile; fileRef = 1F1419421DFA50C6006F3DC0 /* main.m */; };
		1F1419461DFA50C6006F3DC0 /* AppDelegate.m in Sources */ = {isa = PBXBuildFile; fileRef = 1F1419451DFA50C6006F3DC0 /* AppDelegate.m */; };
		1F1419491DFA50C6006F3DC0 /* ViewController.m in Sources */ = {isa = PBXBuildFile; fileRef = 1F1419481DFA50C6006F3DC0 /* ViewController.m */; };
		1F14194C1DFA50C6006F3DC0 /* Main.storyboard in Resources */ = {isa = PBXBuildFile; fileRef = 1F14194A1DFA50C6006F3DC0 /* Main.storyboard */; };
		1F14194E1DFA50C6006F3DC0 /* Assets.xcassets in Resources */ = {isa = PBXBuildFile; fileRef = 1F14194D1DFA50C6006F3DC0 /* Assets.xcassets */; };
		1F1419511DFA50C6006F3DC0 /* LaunchScreen.storyboard in Resources */ = {isa = PBXBuildFile; fileRef = 1F14194F1DFA50C6006F3DC0 /* LaunchScreen.storyboard */; };
		1F14195D1DFA50F4006F3DC0 /* gp01.png in Resources */ = {isa = PBXBuildFile; fileRef = 1F1419591DFA50F4006F3DC0 /* gp01.png */; };
		1F14195E1DFA50F4006F3DC0 /* gp02.png in Resources */ = {isa = PBXBuildFile; fileRef = 1F14195A1DFA50F4006F3DC0 /* gp02.png */; };
		1F14195F1DFA50F4006F3DC0 /* gp03.png in Resources */ = {isa = PBXBuildFile; fileRef = 1F14195B1DFA50F4006F3DC0 /* gp03.png */; };
		1F1419601DFA50F4006F3DC0 /* skipBtn.png in Resources */ = {isa = PBXBuildFile; fileRef = 1F14195C1DFA50F4006F3DC0 /* skipBtn.png */; };
		1F1419641DFA50FA006F3DC0 /* guidePage.m in Sources */ = {isa = PBXBuildFile; fileRef = 1F1419631DFA50FA006F3DC0 /* guidePage.m */; };
/* End PBXBuildFile section */

/* Begin PBXFileReference section */
		1F14193E1DFA50C6006F3DC0 /* guidePageProj.app */ = {isa = PBXFileReference; explicitFileType = wrapper.application; includeInIndex = 0; path = guidePageProj.app; sourceTree = BUILT_PRODUCTS_DIR; };
		1F1419421DFA50C6006F3DC0 /* main.m */ = {isa = PBXFileReference; lastKnownFileType = sourcecode.c.objc; path = main.m; sourceTree = "<group>"; };
		1F1419441DFA50C6006F3DC0 /* AppDelegate.h */ = {isa = PBXFileReference; lastKnownFileType = sourcecode.c.h; path = AppDelegate.h; sourceTree = "<group>"; };
		1F1419451DFA50C6006F3DC0 /* AppDelegate.m */ = {isa = PBXFileReference; lastKnownFileType = sourcecode.c.objc; path = AppDelegate.m; sourceTree = "<group>"; };
		1F1419471DFA50C6006F3DC0 /* ViewController.h */ = {isa = PBXFileReference; lastKnownFileType = sourcecode.c.h; path = ViewController.h; sourceTree = "<group>"; };
		1F1419481DFA50C6006F3DC0 /* ViewController.m */ = {isa = PBXFileReference; lastKnownFileType = sourcecode.c.objc; path = ViewController.m; sourceTree = "<group>"; };
		1F14194B1DFA50C6006F3DC0 /* Base */ = {isa = PBXFileReference; lastKnownFileType = file.storyboard; name = Base; path = Base.lproj/Main.storyboard; sourceTree = "<group>"; };
		1F14194D1DFA50C6006F3DC0 /* Assets.xcassets */ = {isa = PBXFileReference; lastKnownFileType = folder.assetcatalog; path = Assets.xcassets; sourceTree = "<group>"; };
		1F1419501DFA50C6006F3DC0 /* Base */ = {isa = PBXFileReference; lastKnownFileType = file.storyboard; name = Base; path = Base.lproj/LaunchScreen.storyboard; sourceTree = "<group>"; };
		1F1419521DFA50C6006F3DC0 /* Info.plist */ = {isa = PBXFileReference; lastKnownFileType = text.plist.xml; path = Info.plist; sourceTree = "<group>"; };
		1F1419591DFA50F4006F3DC0 /* gp01.png */ = {isa = PBXFileReference; lastKnownFileType = image.png; path = gp01.png; sourceTree = "<group>"; };
		1F14195A1DFA50F4006F3DC0 /* gp02.png */ = {isa = PBXFileReference; lastKnownFileType = image.png; path = gp02.png; sourceTree = "<group>"; };
		1F14195B1DFA50F4006F3DC0 /* gp03.png */ = {isa = PBXFileReference; lastKnownFileType = image.png; path = gp03.png; sourceTree = "<group>"; };
		1F14195C1DFA50F4006F3DC0 /* skipBtn.png */ = {isa = PBXFileReference; lastKnownFileType = image.png; path = skipBtn.png; sourceTree = "<group>"; };
		1F1419621DFA50FA006F3DC0 /* guidePage.h */ = {isa = PBXFileReference; fileEncoding = 4; lastKnownFileType = sourcecode.c.h; path = guidePage.h; sourceTree = "<group>"; };
		1F1419631DFA50FA006F3DC0 /* guidePage.m */ = {isa = PBXFileReference; fileEncoding = 4; lastKnownFileType = sourcecode.c.objc; path = guidePage.m; sourceTree = "<group>"; };
/* End PBXFileReference section */

/* Begin PBXFrameworksBuildPhase section */
		1F14193B1DFA50C5006F3DC0 /* Frameworks */ = {
			isa = PBXFrameworksBuildPhase;
			buildActionMask = 2147483647;
			files = (
			);
			runOnlyForDeploymentPostprocessing = 0;
		};
/* End PBXFrameworksBuildPhase section */

/* Begin PBXGroup section */
		1F1419351DFA50C5006F3DC0 = {
			isa = PBXGroup;
			children = (
				1F1419401DFA50C6006F3DC0 /* guidePageProj */,
				1F14193F1DFA50C6006F3DC0 /* Products */,
			);
			sourceTree = "<group>";
		};
		1F14193F1DFA50C6006F3DC0 /* Products */ = {
			isa = PBXGroup;
			children = (
				1F14193E1DFA50C6006F3DC0 /* guidePageProj.app */,
			);
			name = Products;
			sourceTree = "<group>";
		};
		1F1419401DFA50C6006F3DC0 /* guidePageProj */ = {
			isa = PBXGroup;
			children = (
				1F1419611DFA50FA006F3DC0 /* guidePage */,
				1F1419581DFA50F4006F3DC0 /* image */,
				1F1419441DFA50C6006F3DC0 /* AppDelegate.h */,
				1F1419451DFA50C6006F3DC0 /* AppDelegate.m */,
				1F1419471DFA50C6006F3DC0 /* ViewController.h */,
				1F1419481DFA50C6006F3DC0 /* ViewController.m */,
				1F14194A1DFA50C6006F3DC0 /* Main.storyboard */,
				1F14194D1DFA50C6006F3DC0 /* Assets.xcassets */,
				1F14194F1DFA50C6006F3DC0 /* LaunchScreen.storyboard */,
				1F1419521DFA50C6006F3DC0 /* Info.plist */,
				1F1419411DFA50C6006F3DC0 /* Supporting Files */,
			);
			path = guidePageProj;
			sourceTree = "<group>";
		};
		1F1419411DFA50C6006F3DC0 /* Supporting Files */ = {
			isa = PBXGroup;
			children = (
				1F1419421DFA50C6006F3DC0 /* main.m */,
			);
			name = "Supporting Files";
			sourceTree = "<group>";
		};
		1F1419581DFA50F4006F3DC0 /* image */ = {
			isa = PBXGroup;
			children = (
				1F1419591DFA50F4006F3DC0 /* gp01.png */,
				1F14195A1DFA50F4006F3DC0 /* gp02.png */,
				1F14195B1DFA50F4006F3DC0 /* gp03.png */,
				1F14195C1DFA50F4006F3DC0 /* skipBtn.png */,
			);
			path = image;
			sourceTree = "<group>";
		};
		1F1419611DFA50FA006F3DC0 /* guidePage */ = {
			isa = PBXGroup;
			children = (
				1F1419621DFA50FA006F3DC0 /* guidePage.h */,
				1F1419631DFA50FA006F3DC0 /* guidePage.m */,
			);
			path = guidePage;
			sourceTree = "<group>";
		};
/* End PBXGroup section */

/* Begin PBXNativeTarget section */
		1F14193D1DFA50C5006F3DC0 /* guidePageProj */ = {
			isa = PBXNativeTarget;
			buildConfigurationList = 1F1419551DFA50C6006F3DC0 /* Build configuration list for PBXNativeTarget "guidePageProj" */;
			buildPhases = (
				1F14193A1DFA50C5006F3DC0 /* Sources */,
				1F14193B1DFA50C5006F3DC0 /* Frameworks */,
				1F14193C1DFA50C5006F3DC0 /* Resources */,
			);
			buildRules = (
			);
			dependencies = (
			);
			name = guidePageProj;
			productName = guidePageProj;
			productReference = 1F14193E1DFA50C6006F3DC0 /* guidePageProj.app */;
			productType = "com.apple.product-type.application";
		};
/* End PBXNativeTarget section */

/* Begin PBXProject section */
		1F1419361DFA50C5006F3DC0 /* Project object */ = {
			isa = PBXProject;
			attributes = {
				LastUpgradeCheck = 0810;
				ORGANIZATIONNAME = "张绪川";
				TargetAttributes = {
					1F14193D1DFA50C5006F3DC0 = {
						CreatedOnToolsVersion = 8.1;
						ProvisioningStyle = Automatic;
					};
				};
			};
			buildConfigurationList = 1F1419391DFA50C5006F3DC0 /* Build configuration list for PBXProject "guidePageProj" */;
			compatibilityVersion = "Xcode 3.2";
			developmentRegion = English;
			hasScannedForEncodings = 0;
			knownRegions = (
				en,
				Base,
			);
			mainGroup = 1F1419351DFA50C5006F3DC0;
			productRefGroup = 1F14193F1DFA50C6006F3DC0 /* Products */;
			projectDirPath = "";
			projectRoot = "";
			targets = (
				1F14193D1DFA50C5006F3DC0 /* guidePageProj */,
			);
		};
/* End PBXProject section */

/* Begin PBXResourcesBuildPhase section */
		1F14193C1DFA50C5006F3DC0 /* Resources */ = {
			isa = PBXResourcesBuildPhase;
			buildActionMask = 2147483647;
			files = (
				1F1419511DFA50C6006F3DC0 /* LaunchScreen.storyboard in Resources */,
				1F14195E1DFA50F4006F3DC0 /* gp02.png in Resources */,
				1F14194E1DFA50C6006F3DC0 /* Assets.xcassets in Resources */,
				1F14194C1DFA50C6006F3DC0 /* Main.storyboard in Resources */,
				1F14195D1DFA50F4006F3DC0 /* gp01.png in Resources */,
				1F1419601DFA50F4006F3DC0 /* skipBtn.png in Resources */,
				1F14195F1DFA50F4006F3DC0 /* gp03.png in Resources */,
			);
			runOnlyForDeploymentPostprocessing = 0;
		};
/* End PBXResourcesBuildPhase section */

/* Begin PBXSourcesBuildPhase section */
		1F14193A1DFA50C5006F3DC0 /* Sources */ = {
			isa = PBXSourcesBuildPhase;
			buildActionMask = 2147483647;
			files = (
				1F1419491DFA50C6006F3DC0 /* ViewController.m in Sources */,
				1F1419641DFA50FA006F3DC0 /* guidePage.m in Sources */,
				1F1419461DFA50C6006F3DC0 /* AppDelegate.m in Sources */,
				1F1419431DFA50C6006F3DC0 /* main.m in Sources */,
			);
			runOnlyForDeploymentPostprocessing = 0;
		};
/* End PBXSourcesBuildPhase section */

/* Begin PBXVariantGroup section */
		1F14194A1DFA50C6006F3DC0 /* Main.storyboard */ = {
			isa = PBXVariantGroup;
			children = (
				1F14194B1DFA50C6006F3DC0 /* Base */,
			);
			name = Main.storyboard;
			sourceTree = "<group>";
		};
		1F14194F1DFA50C6006F3DC0 /* LaunchScreen.storyboard */ = {
			isa = PBXVariantGroup;
			children = (
				1F1419501DFA50C6006F3DC0 /* Base */,
			);
			name = LaunchScreen.storyboard;
			sourceTree = "<group>";
		};
/* End PBXVariantGroup section */

/* Begin XCBuildConfiguration section */
		1F1419531DFA50C6006F3DC0 /* Debug */ = {
			isa = XCBuildConfiguration;
			buildSettings = {
				ALWAYS_SEARCH_USER_PATHS = NO;
				CLANG_ANALYZER_NONNULL = YES;
				CLANG_CXX_LANGUAGE_STANDARD = "gnu++0x";
				CLANG_CXX_LIBRARY = "libc++";
				CLANG_ENABLE_MODULES = YES;
				CLANG_ENABLE_OBJC_ARC = YES;
				CLANG_WARN_BOOL_CONVERSION = YES;
				CLANG_WARN_CONSTANT_CONVERSION = YES;
				CLANG_WARN_DIRECT_OBJC_ISA_USAGE = YES_ERROR;
				CLANG_WARN_DOCUMENTATION_COMMENTS = YES;
				CLANG_WARN_EMPTY_BODY = YES;
				CLANG_WARN_ENUM_CONVERSION = YES;
				CLANG_WARN_INFINITE_RECURSION = YES;
				CLANG_WARN_INT_CONVERSION = YES;
				CLANG_WARN_OBJC_ROOT_CLASS = YES_ERROR;
				CLANG_WARN_SUSPICIOUS_MOVES = YES;
				CLANG_WARN_UNREACHABLE_CODE = YES;
				CLANG_WARN__DUPLICATE_METHOD_MATCH = YES;
				"CODE_SIGN_IDENTITY[sdk=iphoneos*]" = "iPhone Developer";
				COPY_PHASE_STRIP = NO;
				DEBUG_INFORMATION_FORMAT = dwarf;
				ENABLE_STRICT_OBJC_MSGSEND = YES;
				ENABLE_TESTABILITY = YES;
				GCC_C_LANGUAGE_STANDARD = gnu99;
				GCC_DYNAMIC_NO_PIC = NO;
				GCC_NO_COMMON_BLOCKS = YES;
				GCC_OPTIMIZATION_LEVEL = 0;
				GCC_PREPROCESSOR_DEFINITIONS = (
					"DEBUG=1",
					"$(inherited)",
				);
				GCC_WARN_64_TO_32_BIT_CONVERSION = YES;
				GCC_WARN_ABOUT_RETURN_TYPE = YES_ERROR;
				GCC_WARN_UNDECLARED_SELECTOR = YES;
				GCC_WARN_UNINITIALIZED_AUTOS = YES_AGGRESSIVE;
				GCC_WARN_UNUSED_FUNCTION = YES;
				GCC_WARN_UNUSED_VARIABLE = YES;
				IPHONEOS_DEPLOYMENT_TARGET = 10.1;
				MTL_ENABLE_DEBUG_INFO = YES;
				ONLY_ACTIVE_ARCH = YES;
				SDKROOT = iphoneos;
				TARGETED_DEVICE_FAMILY = "1,2";
			};
			name = Debug;
		};
		1F1419541DFA50C6006F3DC0 /* Release */ = {
			isa = XCBuildConfiguration;
			buildSettings = {
				ALWAYS_SEARCH_USER_PATHS = NO;
				CLANG_ANALYZER_NONNULL = YES;
				CLANG_CXX_LANGUAGE_STANDARD = "gnu++0x";
				CLANG_CXX_LIBRARY = "libc++";
				CLANG_ENABLE_MODULES = YES;
				CLANG_ENABLE_OBJC_ARC = YES;
				CLANG_WARN_BOOL_CONVERSION = YES;
				CLANG_WARN_CONSTANT_CONVERSION = YES;
				CLANG_WARN_DIRECT_OBJC_ISA_USAGE = YES_ERROR;
				CLANG_WARN_DOCUMENTATION_COMMENTS = YES;
				CLANG_WARN_EMPTY_BODY = YES;
				CLANG_WARN_ENUM_CONVERSION = YES;
				CLANG_WARN_INFINITE_RECURSION = YES;
				CLANG_WARN_INT_CONVERSION = YES;
				CLANG_WARN_OBJC_ROOT_CLASS = YES_ERROR;
				CLANG_WARN_SUSPICIOUS_MOVES = YES;
				CLANG_WARN_UNREACHABLE_CODE = YES;
				CLANG_WARN__DUPLICATE_METHOD_MATCH = YES;
				"CODE_SIGN_IDENTITY[sdk=iphoneos*]" = "iPhone Developer";
				COPY_PHASE_STRIP = NO;
				DEBUG_INFORMATION_FORMAT = "dwarf-with-dsym";
				ENABLE_NS_ASSERTIONS = NO;
				ENABLE_STRICT_OBJC_MSGSEND = YES;
				GCC_C_LANGUAGE_STANDARD = gnu99;
				GCC_NO_COMMON_BLOCKS = YES;
				GCC_WARN_64_TO_32_BIT_CONVERSION = YES;
				GCC_WARN_ABOUT_RETURN_TYPE = YES_ERROR;
				GCC_WARN_UNDECLARED_SELECTOR = YES;
				GCC_WARN_UNINITIALIZED_AUTOS = YES_AGGRESSIVE;
				GCC_WARN_UNUSED_FUNCTION = YES;
				GCC_WARN_UNUSED_VARIABLE = YES;
				IPHONEOS_DEPLOYMENT_TARGET = 10.1;
				MTL_ENABLE_DEBUG_INFO = NO;
				SDKROOT = iphoneos;
				TARGETED_DEVICE_FAMILY = "1,2";
				VALIDATE_PRODUCT = YES;
			};
			name = Release;
		};
		1F1419561DFA50C6006F3DC0 /* Debug */ = {
			isa = XCBuildConfiguration;
			buildSettings = {
				ASSETCATALOG_COMPILER_APPICON_NAME = AppIcon;
				INFOPLIST_FILE = guidePageProj/Info.plist;
				LD_RUNPATH_SEARCH_PATHS = "$(inherited) @executable_path/Frameworks";
				PRODUCT_BUNDLE_IDENTIFIER = cn.zxc.guidePageProj;
				PRODUCT_NAME = "$(TARGET_NAME)";
			};
			name = Debug;
		};
		1F1419571DFA50C6006F3DC0 /* Release */ = {
			isa = XCBuildConfiguration;
			buildSettings = {
				ASSETCATALOG_COMPILER_APPICON_NAME = AppIcon;
				INFOPLIST_FILE = guidePageProj/Info.plist;
				LD_RUNPATH_SEARCH_PATHS = "$(inherited) @executable_path/Frameworks";
				PRODUCT_BUNDLE_IDENTIFIER = cn.zxc.guidePageProj;
				PRODUCT_NAME = "$(TARGET_NAME)";
			};
			name = Release;
		};
/* End XCBuildConfiguration section */

/* Begin XCConfigurationList section */
		1F1419391DFA50C5006F3DC0 /* Build configuration list for PBXProject "guidePageProj" */ = {
			isa = XCConfigurationList;
			buildConfigurations = (
				1F1419531DFA50C6006F3DC0 /* Debug */,
				1F1419541DFA50C6006F3DC0 /* Release */,
			);
			defaultConfigurationIsVisible = 0;
			defaultConfigurationName = Release;
		};
		1F1419551DFA50C6006F3DC0 /* Build configuration list for PBXNativeTarget "guidePageProj" */ = {
			isa = XCConfigurationList;
			buildConfigurations = (
				1F1419561DFA50C6006F3DC0 /* Debug */,
				1F1419571DFA50C6006F3DC0 /* Release */,
			);
			defaultConfigurationIsVisible = 0;
			defaultConfigurationName = Release;
		};
/* End XCConfigurationList section */
	};
	rootObject = 1F1419361DFA50C5006F3DC0 /* Project object */;
}
